PODS:
  - Flutter (1.0.0)
  - flutter_bluetooth_serial (0.0.1):
    - Flutter

DEPENDENCIES:
  - Flutter (from `Flutter`)
  - flutter_bluetooth_serial (from `.symlinks/plugins/flutter_bluetooth_serial/ios`)

EXTERNAL SOURCES:
  Flutter:
    :path: Flutter
  flutter_bluetooth_serial:
    :path: ".symlinks/plugins/flutter_bluetooth_serial/ios"

SPEC CHECKSUMS:
  Flutter: 0e3d915762c693b495b44d77113d4970485de6ec
  flutter_bluetooth_serial: a42f785e4f7d2a6390d415cc39da5474ec2fef4f

PODFILE CHECKSUM: 083258d7f5e80b42ea9bfee905fe93049bc04c64

COCOAPODS: 1.7.5
